// !$*UTF8*$!
{
	archiveVersion = 1;
	classes = {
	};
	objectVersion = 46;
	objects = {

/* Begin PBXBuildFile section */
		2E2EFE611F367C3F004E2531 /* AppDelegate.swift in Sources */ = {isa = PBXBuildFile; fileRef = 2E2EFE601F367C3F004E2531 /* AppDelegate.swift */; };
		2E2EFE631F367C3F004E2531 /* ViewController.swift in Sources */ = {isa = PBXBuildFile; fileRef = 2E2EFE621F367C3F004E2531 /* ViewController.swift */; };
		2E2EFE661F367C3F004E2531 /* Main.storyboard in Resources */ = {isa = PBXBuildFile; fileRef = 2E2EFE641F367C3F004E2531 /* Main.storyboard */; };
		2E2EFE681F367C3F004E2531 /* Assets.xcassets in Resources */ = {isa = PBXBuildFile; fileRef = 2E2EFE671F367C3F004E2531 /* Assets.xcassets */; };
		2E2EFE6B1F367C3F004E2531 /* LaunchScreen.storyboard in Resources */ = {isa = PBXBuildFile; fileRef = 2E2EFE691F367C3F004E2531 /* LaunchScreen.storyboard */; };
		2E2EFE751F3685FE004E2531 /* Bitmoji.png in Resources */ = {isa = PBXBuildFile; fileRef = 2E2EFE741F3685FE004E2531 /* Bitmoji.png */; };
		2E2EFE781F369F92004E2531 /* CoreLocation.framework in Frameworks */ = {isa = PBXBuildFile; fileRef = 2E2EFE771F369F92004E2531 /* CoreLocation.framework */; };
/* End PBXBuildFile section */

/* Begin PBXFileReference section */
		2E2EFE5D1F367C3F004E2531 /* Snap Map Events Feature.app */ = {isa = PBXFileReference; explicitFileType = wrapper.application; includeInIndex = 0; path = "Snap Map Events Feature.app"; sourceTree = BUILT_PRODUCTS_DIR; };
		2E2EFE601F367C3F004E2531 /* AppDelegate.swift */ = {isa = PBXFileReference; lastKnownFileType = sourcecode.swift; path = AppDelegate.swift; sourceTree = "<group>"; };
		2E2EFE621F367C3F004E2531 /* ViewController.swift */ = {isa = PBXFileReference; lastKnownFileType = sourcecode.swift; path = ViewController.swift; sourceTree = "<group>"; };
		2E2EFE651F367C3F004E2531 /* Base */ = {isa = PBXFileReference; lastKnownFileType = file.storyboard; name = Base; path = Base.lproj/Main.storyboard; sourceTree = "<group>"; };
		2E2EFE671F367C3F004E2531 /* Assets.xcassets */ = {isa = PBXFileReference; lastKnownFileType = folder.assetcatalog; path = Assets.xcassets; sourceTree = "<group>"; };
		2E2EFE6A1F367C3F004E2531 /* Base */ = {isa = PBXFileReference; lastKnownFileType = file.storyboard; name = Base; path = Base.lproj/LaunchScreen.storyboard; sourceTree = "<group>"; };
		2E2EFE6C1F367C3F004E2531 /* Info.plist */ = {isa = PBXFileReference; lastKnownFileType = text.plist.xml; path = Info.plist; sourceTree = "<group>"; };
		2E2EFE741F3685FE004E2531 /* Bitmoji.png */ = {isa = PBXFileReference; lastKnownFileType = image.png; path = Bitmoji.png; sourceTree = "<group>"; };
		2E2EFE771F369F92004E2531 /* CoreLocation.framework */ = {isa = PBXFileReference; lastKnownFileType = wrapper.framework; name = CoreLocation.framework; path = System/Library/Frameworks/CoreLocation.framework; sourceTree = SDKROOT; };
/* End PBXFileReference section */

/* Begin PBXFrameworksBuildPhase section */
		2E2EFE5A1F367C3F004E2531 /* Frameworks */ = {
			isa = PBXFrameworksBuildPhase;
			buildActionMask = 2147483647;
			files = (
				2E2EFE781F369F92004E2531 /* CoreLocation.framework in Frameworks */,
			);
			runOnlyForDeploymentPostprocessing = 0;
		};
/* End PBXFrameworksBuildPhase section */

/* Begin PBXGroup section */
		2E2EFE541F367C3F004E2531 = {
			isa = PBXGroup;
			children = (
				2E2EFE5F1F367C3F004E2531 /* Snap Map Events Feature */,
				2E2EFE5E1F367C3F004E2531 /* Products */,
				2E2EFE761F369F91004E2531 /* Frameworks */,
			);
			sourceTree = "<group>";
		};
		2E2EFE5E1F367C3F004E2531 /* Products */ = {
			isa = PBXGroup;
			children = (
				2E2EFE5D1F367C3F004E2531 /* Snap Map Events Feature.app */,
			);
			name = Products;
			sourceTree = "<group>";
		};
		2E2EFE5F1F367C3F004E2531 /* Snap Map Events Feature */ = {
			isa = PBXGroup;
			children = (
				2E2EFE601F367C3F004E2531 /* AppDelegate.swift */,
				2E2EFE621F367C3F004E2531 /* ViewController.swift */,
				2E2EFE741F3685FE004E2531 /* Bitmoji.png */,
				2E2EFE641F367C3F004E2531 /* Main.storyboard */,
				2E2EFE671F367C3F004E2531 /* Assets.xcassets */,
				2E2EFE691F367C3F004E2531 /* LaunchScreen.storyboard */,
				2E2EFE6C1F367C3F004E2531 /* Info.plist */,
			);
			path = "Snap Map Events Feature";
			sourceTree = "<group>";
		};
		2E2EFE761F369F91004E2531 /* Frameworks */ = {
			isa = PBXGroup;
			children = (
				2E2EFE771F369F92004E2531 /* CoreLocation.framework */,
			);
			name = Frameworks;
			sourceTree = "<group>";
		};
/* End PBXGroup section */

/* Begin PBXNativeTarget section */
		2E2EFE5C1F367C3F004E2531 /* Snap Map Events Feature */ = {
			isa = PBXNativeTarget;
			buildConfigurationList = 2E2EFE6F1F367C3F004E2531 /* Build configuration list for PBXNativeTarget "Snap Map Events Feature" */;
			buildPhases = (
				2E2EFE591F367C3F004E2531 /* Sources */,
				2E2EFE5A1F367C3F004E2531 /* Frameworks */,
				2E2EFE5B1F367C3F004E2531 /* Resources */,
			);
			buildRules = (
			);
			dependencies = (
			);
			name = "Snap Map Events Feature";
			productName = "Snap Map Events Feature";
			productReference = 2E2EFE5D1F367C3F004E2531 /* Snap Map Events Feature.app */;
			productType = "com.apple.product-type.application";
		};
/* End PBXNativeTarget section */

/* Begin PBXProject section */
		2E2EFE551F367C3F004E2531 /* Project object */ = {
			isa = PBXProject;
			attributes = {
				LastSwiftUpdateCheck = 0830;
				LastUpgradeCheck = 0830;
				ORGANIZATIONNAME = "Vilde Vevatne";
				TargetAttributes = {
					2E2EFE5C1F367C3F004E2531 = {
						CreatedOnToolsVersion = 8.3.1;
						DevelopmentTeam = MWAR99RNM8;
						ProvisioningStyle = Automatic;
					};
				};
			};
			buildConfigurationList = 2E2EFE581F367C3F004E2531 /* Build configuration list for PBXProject "Snap Map Events Feature" */;
			compatibilityVersion = "Xcode 3.2";
			developmentRegion = English;
			hasScannedForEncodings = 0;
			knownRegions = (
				en,
				Base,
			);
			mainGroup = 2E2EFE541F367C3F004E2531;
			productRefGroup = 2E2EFE5E1F367C3F004E2531 /* Products */;
			projectDirPath = "";
			projectRoot = "";
			targets = (
				2E2EFE5C1F367C3F004E2531 /* Snap Map Events Feature */,
			);
		};
/* End PBXProject section */

/* Begin PBXResourcesBuildPhase section */
		2E2EFE5B1F367C3F004E2531 /* Resources */ = {
			isa = PBXResourcesBuildPhase;
			buildActionMask = 2147483647;
			files = (
				2E2EFE751F3685FE004E2531 /* Bitmoji.png in Resources */,
				2E2EFE6B1F367C3F004E2531 /* LaunchScreen.storyboard in Resources */,
				2E2EFE681F367C3F004E2531 /* Assets.xcassets in Resources */,
				2E2EFE661F367C3F004E2531 /* Main.storyboard in Resources */,
			);
			runOnlyForDeploymentPostprocessing = 0;
		};
/* End PBXResourcesBuildPhase section */

/* Begin PBXSourcesBuildPhase section */
		2E2EFE591F367C3F004E2531 /* Sources */ = {
			isa = PBXSourcesBuildPhase;
			buildActionMask = 2147483647;
			files = (
				2E2EFE631F367C3F004E2531 /* ViewController.swift in Sources */,
				2E2EFE611F367C3F004E2531 /* AppDelegate.swift in Sources */,
			);
			runOnlyForDeploymentPostprocessing = 0;
		};
/* End PBXSourcesBuildPhase section */

/* Begin PBXVariantGroup section */
		2E2EFE641F367C3F004E2531 /* Main.storyboard */ = {
			isa = PBXVariantGroup;
			children = (
				2E2EFE651F367C3F004E2531 /* Base */,
			);
			name = Main.storyboard;
			sourceTree = "<group>";
		};
		2E2EFE691F367C3F004E2531 /* LaunchScreen.storyboard */ = {
			isa = PBXVariantGroup;
			children = (
				2E2EFE6A1F367C3F004E2531 /* Base */,
			);
			name = LaunchScreen.storyboard;
			sourceTree = "<group>";
		};
/* End PBXVariantGroup section */

/* Begin XCBuildConfiguration section */
		2E2EFE6D1F367C3F004E2531 /* Debug */ = {
			isa = XCBuildConfiguration;
			buildSettings = {
				ALWAYS_SEARCH_USER_PATHS = NO;
				CLANG_ANALYZER_NONNULL = YES;
				CLANG_ANALYZER_NUMBER_OBJECT_CONVERSION = YES_AGGRESSIVE;
				CLANG_CXX_LANGUAGE_STANDARD = "gnu++0x";
				CLANG_CXX_LIBRARY = "libc++";
				CLANG_ENABLE_MODULES = YES;
				CLANG_ENABLE_OBJC_ARC = YES;
				CLANG_WARN_BOOL_CONVERSION = YES;
				CLANG_WARN_CONSTANT_CONVERSION = YES;
				CLANG_WARN_DIRECT_OBJC_ISA_USAGE = YES_ERROR;
				CLANG_WARN_DOCUMENTATION_COMMENTS = YES;
				CLANG_WARN_EMPTY_BODY = YES;
				CLANG_WARN_ENUM_CONVERSION = YES;
				CLANG_WARN_INFINITE_RECURSION = YES;
				CLANG_WARN_INT_CONVERSION = YES;
				CLANG_WARN_OBJC_ROOT_CLASS = YES_ERROR;
				CLANG_WARN_SUSPICIOUS_MOVE = YES;
				CLANG_WARN_UNREACHABLE_CODE = YES;
				CLANG_WARN__DUPLICATE_METHOD_MATCH = YES;
				"CODE_SIGN_IDENTITY[sdk=iphoneos*]" = "iPhone Developer";
				COPY_PHASE_STRIP = NO;
				DEBUG_INFORMATION_FORMAT = dwarf;
				ENABLE_STRICT_OBJC_MSGSEND = YES;
				ENABLE_TESTABILITY = YES;
				GCC_C_LANGUAGE_STANDARD = gnu99;
				GCC_DYNAMIC_NO_PIC = NO;
				GCC_NO_COMMON_BLOCKS = YES;
				GCC_OPTIMIZATION_LEVEL = 0;
				GCC_PREPROCESSOR_DEFINITIONS = (
					"DEBUG=1",
					"$(inherited)",
				);
				GCC_WARN_64_TO_32_BIT_CONVERSION = YES;
				GCC_WARN_ABOUT_RETURN_TYPE = YES_ERROR;
				GCC_WARN_UNDECLARED_SELECTOR = YES;
				GCC_WARN_UNINITIALIZED_AUTOS = YES_AGGRESSIVE;
				GCC_WARN_UNUSED_FUNCTION = YES;
				GCC_WARN_UNUSED_VARIABLE = YES;
				IPHONEOS_DEPLOYMENT_TARGET = 10.3;
				MTL_ENABLE_DEBUG_INFO = YES;
				ONLY_ACTIVE_ARCH = YES;
				SDKROOT = iphoneos;
				SWIFT_ACTIVE_COMPILATION_CONDITIONS = DEBUG;
				SWIFT_OPTIMIZATION_LEVEL = "-Onone";
			};
			name = Debug;
		};
		2E2EFE6E1F367C3F004E2531 /* Release */ = {
			isa = XCBuildConfiguration;
			buildSettings = {
				ALWAYS_SEARCH_USER_PATHS = NO;
				CLANG_ANALYZER_NONNULL = YES;
				CLANG_ANALYZER_NUMBER_OBJECT_CONVERSION = YES_AGGRESSIVE;
				CLANG_CXX_LANGUAGE_STANDARD = "gnu++0x";
				CLANG_CXX_LIBRARY = "libc++";
				CLANG_ENABLE_MODULES = YES;
				CLANG_ENABLE_OBJC_ARC = YES;
				CLANG_WARN_BOOL_CONVERSION = YES;
				CLANG_WARN_CONSTANT_CONVERSION = YES;
				CLANG_WARN_DIRECT_OBJC_ISA_USAGE = YES_ERROR;
				CLANG_WARN_DOCUMENTATION_COMMENTS = YES;
				CLANG_WARN_EMPTY_BODY = YES;
				CLANG_WARN_ENUM_CONVERSION = YES;
				CLANG_WARN_INFINITE_RECURSION = YES;
				CLANG_WARN_INT_CONVERSION = YES;
				CLANG_WARN_OBJC_ROOT_CLASS = YES_ERROR;
				CLANG_WARN_SUSPICIOUS_MOVE = YES;
				CLANG_WARN_UNREACHABLE_CODE = YES;
				CLANG_WARN__DUPLICATE_METHOD_MATCH = YES;
				"CODE_SIGN_IDENTITY[sdk=iphoneos*]" = "iPhone Developer";
				COPY_PHASE_STRIP = NO;
				DEBUG_INFORMATION_FORMAT = "dwarf-with-dsym";
				ENABLE_NS_ASSERTIONS = NO;
				ENABLE_STRICT_OBJC_MSGSEND = YES;
				GCC_C_LANGUAGE_STANDARD = gnu99;
				GCC_NO_COMMON_BLOCKS = YES;
				GCC_WARN_64_TO_32_BIT_CONVERSION = YES;
				GCC_WARN_ABOUT_RETURN_TYPE = YES_ERROR;
				GCC_WARN_UNDECLARED_SELECTOR = YES;
				GCC_WARN_UNINITIALIZED_AUTOS = YES_AGGRESSIVE;
				GCC_WARN_UNUSED_FUNCTION = YES;
				GCC_WARN_UNUSED_VARIABLE = YES;
				IPHONEOS_DEPLOYMENT_TARGET = 10.3;
				MTL_ENABLE_DEBUG_INFO = NO;
				SDKROOT = iphoneos;
				SWIFT_OPTIMIZATION_LEVEL = "-Owholemodule";
				VALIDATE_PRODUCT = YES;
			};
			name = Release;
		};
		2E2EFE701F367C3F004E2531 /* Debug */ = {
			isa = XCBuildConfiguration;
			buildSettings = {
				ASSETCATALOG_COMPILER_APPICON_NAME = AppIcon;
				DEVELOPMENT_TEAM = MWAR99RNM8;
				INFOPLIST_FILE = "Snap Map Events Feature/Info.plist";
				LD_RUNPATH_SEARCH_PATHS = "$(inherited) @executable_path/Frameworks";
				PRODUCT_BUNDLE_IDENTIFIER = "com.vildevevatne.Snap-Map-Events-Feature";
				PRODUCT_NAME = "$(TARGET_NAME)";
				SWIFT_VERSION = 3.0;
			};
			name = Debug;
		};
		2E2EFE711F367C3F004E2531 /* Release */ = {
			isa = XCBuildConfiguration;
			buildSettings = {
				ASSETCATALOG_COMPILER_APPICON_NAME = AppIcon;
				DEVELOPMENT_TEAM = MWAR99RNM8;
				INFOPLIST_FILE = "Snap Map Events Feature/Info.plist";
				LD_RUNPATH_SEARCH_PATHS = "$(inherited) @executable_path/Frameworks";
				PRODUCT_BUNDLE_IDENTIFIER = "com.vildevevatne.Snap-Map-Events-Feature";
				PRODUCT_NAME = "$(TARGET_NAME)";
				SWIFT_VERSION = 3.0;
			};
			name = Release;
		};
/* End XCBuildConfiguration section */

/* Begin XCConfigurationList section */
		2E2EFE581F367C3F004E2531 /* Build configuration list for PBXProject "Snap Map Events Feature" */ = {
			isa = XCConfigurationList;
			buildConfigurations = (
				2E2EFE6D1F367C3F004E2531 /* Debug */,
				2E2EFE6E1F367C3F004E2531 /* Release */,
			);
			defaultConfigurationIsVisible = 0;
			defaultConfigurationName = Release;
		};
		2E2EFE6F1F367C3F004E2531 /* Build configuration list for PBXNativeTarget "Snap Map Events Feature" */ = {
			isa = XCConfigurationList;
			buildConfigurations = (
				2E2EFE701F367C3F004E2531 /* Debug */,
				2E2EFE711F367C3F004E2531 /* Release */,
			);
			defaultConfigurationIsVisible = 0;
		};
/* End XCConfigurationList section */
	};
	rootObject = 2E2EFE551F367C3F004E2531 /* Project object */;
}
